
Microsoft Visual Studio Solution File, Format Version 12.00
# Visual Studio Version 17
VisualStudioVersion = 17.11.35222.181
MinimumVisualStudioVersion = 10.0.40219.1
Project("{FAE04EC0-301F-11D3-BF4B-00C04F79EFBC}") = "FotoApp", "FotoApp\FotoApp.csproj", "{6393036E-BFB1-4676-AE6B-4CEA0AE3A31D}"
EndProject
Global
	GlobalSection(SolutionConfigurationPlatforms) = preSolution
		Debug|Any CPU = Debug|Any CPU
		Release|Any CPU = Release|Any CPU
	EndGlobalSection
	GlobalSection(ProjectConfigurationPlatforms) = postSolution
		{6393036E-BFB1-4676-AE6B-4CEA0AE3A31D}.Debug|Any CPU.ActiveCfg = Debug|Any CPU
		{6393036E-BFB1-4676-AE6B-4CEA0AE3A31D}.Debug|Any CPU.Build.0 = Debug|Any CPU
		{6393036E-BFB1-4676-AE6B-4CEA0AE3A31D}.Debug|Any CPU.Deploy.0 = Debug|Any CPU
		{6393036E-BFB1-4676-AE6B-4CEA0AE3A31D}.Release|Any CPU.ActiveCfg = Release|Any CPU
		{6393036E-BFB1-4676-AE6B-4CEA0AE3A31D}.Release|Any CPU.Build.0 = Release|Any CPU
		{6393036E-BFB1-4676-AE6B-4CEA0AE3A31D}.Release|Any CPU.Deploy.0 = Release|Any CPU
	EndGlobalSection
	GlobalSection(SolutionProperties) = preSolution
		HideSolutionNode = FALSE
	EndGlobalSection
	GlobalSection(ExtensibilityGlobals) = postSolution
		SolutionGuid = {23954D5E-EFCD-4F23-B3CF-45ABF5B11843}
	EndGlobalSection
EndGlobal
